Microsoft Visual Studio Solution File, Format Version 12.00
# Visual Studio Version 17
VisualStudioVersion = 17.11.35431.28
MinimumVisualStudioVersion = 10.0.40219.1
Project("{9A19103F-16F7-4668-BE54-9A1E7A4F7556}") = "Web", "IllRequestPortal.Web\Web.csproj", "{28D790DC-BC92-4750-B016-76D44B5A45A5}"
EndProject
Project("{9A19103F-16F7-4668-BE54-9A1E7A4F7556}") = "Logic", "IllRequestPortal.Logic\Logic.csproj", "{2AD23B98-D2DB-4042-87A2-31E5C51A6D71}"
EndProject
Project("{9A19103F-16F7-4668-BE54-9A1E7A4F7556}") = "Test", "IllRequestPortal.Test\Test.csproj", "{8C85BA4E-85FB-41BC-B1F7-AEAF6C996D9F}"
EndProject
Global
	GlobalSection(SolutionConfigurationPlatforms) = preSolution
		Debug|Any CPU = Debug|Any CPU
		Release|Any CPU = Release|Any CPU
	EndGlobalSection
	GlobalSection(ProjectConfigurationPlatforms) = postSolution
		{28D790DC-BC92-4750-B016-76D44B5A45A5}.Debug|Any CPU.ActiveCfg = Debug|Any CPU
		{28D790DC-BC92-4750-B016-76D44B5A45A5}.Debug|Any CPU.Build.0 = Debug|Any CPU
		{28D790DC-BC92-4750-B016-76D44B5A45A5}.Release|Any CPU.ActiveCfg = Release|Any CPU
		{28D790DC-BC92-4750-B016-76D44B5A45A5}.Release|Any CPU.Build.0 = Release|Any CPU
		{2AD23B98-D2DB-4042-87A2-31E5C51A6D71}.Debug|Any CPU.ActiveCfg = Debug|Any CPU
		{2AD23B98-D2DB-4042-87A2-31E5C51A6D71}.Debug|Any CPU.Build.0 = Debug|Any CPU
		{2AD23B98-D2DB-4042-87A2-31E5C51A6D71}.Release|Any CPU.ActiveCfg = Release|Any CPU
		{2AD23B98-D2DB-4042-87A2-31E5C51A6D71}.Release|Any CPU.Build.0 = Release|Any CPU
		{8C85BA4E-85FB-41BC-B1F7-AEAF6C996D9F}.Debug|Any CPU.ActiveCfg = Debug|Any CPU
		{8C85BA4E-85FB-41BC-B1F7-AEAF6C996D9F}.Debug|Any CPU.Build.0 = Debug|Any CPU
		{8C85BA4E-85FB-41BC-B1F7-AEAF6C996D9F}.Release|Any CPU.ActiveCfg = Release|Any CPU
		{8C85BA4E-85FB-41BC-B1F7-AEAF6C996D9F}.Release|Any CPU.Build.0 = Release|Any CPU
	EndGlobalSection
	GlobalSection(SolutionProperties) = preSolution
		HideSolutionNode = FALSE
	EndGlobalSection
EndGlobal
